
Microsoft Visual Studio Solution File, Format Version 12.00
# Visual Studio 2012
Project("{FAE04EC0-301F-11D3-BF4B-00C04F79EFBC}") = "Zeus", "src\Zeus\Zeus.csproj", "{0787C07E-FCD1-4C6F-842B-0F35420F08E7}"
EndProject
Project("{FAE04EC0-301F-11D3-BF4B-00C04F79EFBC}") = "Zeus.Core", "Zeus.Core\Zeus.Core.csproj", "{77779CE8-9841-4798-B49D-E0407310D0AE}"
EndProject
Global
	GlobalSection(SolutionConfigurationPlatforms) = preSolution
		Debug|Any CPU = Debug|Any CPU
		Release|Any CPU = Release|Any CPU
	EndGlobalSection
	GlobalSection(ProjectConfigurationPlatforms) = postSolution
		{0787C07E-FCD1-4C6F-842B-0F35420F08E7}.Debug|Any CPU.ActiveCfg = Debug|Any CPU
		{0787C07E-FCD1-4C6F-842B-0F35420F08E7}.Debug|Any CPU.Build.0 = Debug|Any CPU
		{0787C07E-FCD1-4C6F-842B-0F35420F08E7}.Release|Any CPU.ActiveCfg = Release|Any CPU
		{0787C07E-FCD1-4C6F-842B-0F35420F08E7}.Release|Any CPU.Build.0 = Release|Any CPU
		{77779CE8-9841-4798-B49D-E0407310D0AE}.Debug|Any CPU.ActiveCfg = Debug|Any CPU
		{77779CE8-9841-4798-B49D-E0407310D0AE}.Debug|Any CPU.Build.0 = Debug|Any CPU
		{77779CE8-9841-4798-B49D-E0407310D0AE}.Release|Any CPU.ActiveCfg = Release|Any CPU
		{77779CE8-9841-4798-B49D-E0407310D0AE}.Release|Any CPU.Build.0 = Release|Any CPU
	EndGlobalSection
	GlobalSection(SolutionProperties) = preSolution
		HideSolutionNode = FALSE
	EndGlobalSection
EndGlobal
