
Microsoft Visual Studio Solution File, Format Version 12.00
# Visual Studio 2013
VisualStudioVersion = 12.0.20919.2
MinimumVisualStudioVersion = 10.0.40219.1
Project("{FAE04EC0-301F-11D3-BF4B-00C04F79EFBC}") = "Zeus.Core", "src\Zeus.Core\Zeus.Core.csproj", "{D3BC2AB1-0549-4FA5-80C0-3F7E9EFFF13B}"
EndProject
Project("{FAE04EC0-301F-11D3-BF4B-00C04F79EFBC}") = "Zeus.Parser", "src\Zeus.Parser\Zeus.Parser.csproj", "{67A07C49-96E1-4FFA-ABFB-048883953EF6}"
EndProject
Project("{FAE04EC0-301F-11D3-BF4B-00C04F79EFBC}") = "Zeus.Parser.Facts", "test\Zeus.Parser.Facts\Zeus.Parser.Facts.csproj", "{116B10A1-AE7F-4489-85E5-56ADF933B2D1}"
EndProject
Project("{FAE04EC0-301F-11D3-BF4B-00C04F79EFBC}") = "QuickParse", "QuickParse\QuickParse.csproj", "{AD2B40B3-9F97-42BB-BFA4-83956B90E009}"
EndProject
Global
	GlobalSection(SolutionConfigurationPlatforms) = preSolution
		Debug|Any CPU = Debug|Any CPU
		Release|Any CPU = Release|Any CPU
	EndGlobalSection
	GlobalSection(ProjectConfigurationPlatforms) = postSolution
		{D3BC2AB1-0549-4FA5-80C0-3F7E9EFFF13B}.Debug|Any CPU.ActiveCfg = Debug|Any CPU
		{D3BC2AB1-0549-4FA5-80C0-3F7E9EFFF13B}.Debug|Any CPU.Build.0 = Debug|Any CPU
		{D3BC2AB1-0549-4FA5-80C0-3F7E9EFFF13B}.Release|Any CPU.ActiveCfg = Release|Any CPU
		{D3BC2AB1-0549-4FA5-80C0-3F7E9EFFF13B}.Release|Any CPU.Build.0 = Release|Any CPU
		{67A07C49-96E1-4FFA-ABFB-048883953EF6}.Debug|Any CPU.ActiveCfg = Debug|Any CPU
		{67A07C49-96E1-4FFA-ABFB-048883953EF6}.Debug|Any CPU.Build.0 = Debug|Any CPU
		{67A07C49-96E1-4FFA-ABFB-048883953EF6}.Release|Any CPU.ActiveCfg = Release|Any CPU
		{67A07C49-96E1-4FFA-ABFB-048883953EF6}.Release|Any CPU.Build.0 = Release|Any CPU
		{116B10A1-AE7F-4489-85E5-56ADF933B2D1}.Debug|Any CPU.ActiveCfg = Debug|Any CPU
		{116B10A1-AE7F-4489-85E5-56ADF933B2D1}.Debug|Any CPU.Build.0 = Debug|Any CPU
		{116B10A1-AE7F-4489-85E5-56ADF933B2D1}.Release|Any CPU.ActiveCfg = Release|Any CPU
		{116B10A1-AE7F-4489-85E5-56ADF933B2D1}.Release|Any CPU.Build.0 = Release|Any CPU
		{AD2B40B3-9F97-42BB-BFA4-83956B90E009}.Debug|Any CPU.ActiveCfg = Debug|Any CPU
		{AD2B40B3-9F97-42BB-BFA4-83956B90E009}.Debug|Any CPU.Build.0 = Debug|Any CPU
		{AD2B40B3-9F97-42BB-BFA4-83956B90E009}.Release|Any CPU.ActiveCfg = Release|Any CPU
		{AD2B40B3-9F97-42BB-BFA4-83956B90E009}.Release|Any CPU.Build.0 = Release|Any CPU
	EndGlobalSection
	GlobalSection(SolutionProperties) = preSolution
		HideSolutionNode = FALSE
	EndGlobalSection
EndGlobal
