
Microsoft Visual Studio Solution File, Format Version 12.00
# Visual Studio 2012
Project("{FAE04EC0-301F-11D3-BF4B-00C04F79EFBC}") = "SampleSite", "SampleSite\SampleSite.csproj", "{894ACEAF-BF68-4490-831F-BC687DC8C64C}"
EndProject
Global
	GlobalSection(SolutionConfigurationPlatforms) = preSolution
		Debug|Any CPU = Debug|Any CPU
		Release|Any CPU = Release|Any CPU
	EndGlobalSection
	GlobalSection(ProjectConfigurationPlatforms) = postSolution
		{894ACEAF-BF68-4490-831F-BC687DC8C64C}.Debug|Any CPU.ActiveCfg = Debug|Any CPU
		{894ACEAF-BF68-4490-831F-BC687DC8C64C}.Debug|Any CPU.Build.0 = Debug|Any CPU
		{894ACEAF-BF68-4490-831F-BC687DC8C64C}.Release|Any CPU.ActiveCfg = Release|Any CPU
		{894ACEAF-BF68-4490-831F-BC687DC8C64C}.Release|Any CPU.Build.0 = Release|Any CPU
	EndGlobalSection
	GlobalSection(SolutionProperties) = preSolution
		HideSolutionNode = FALSE
	EndGlobalSection
EndGlobal
